
Microsoft Visual Studio Solution File, Format Version 12.00
# Visual Studio Version 17
VisualStudioVersion = 17.9.34728.123
MinimumVisualStudioVersion = 10.0.40219.1
Project("{2150E333-8FDC-42A3-9474-1A3956D46DE8}") = "ソリューション項目", "ソリューション項目", "{65F068C0-A7A5-4B0A-A846-22C9BAF66F36}"
	ProjectSection(SolutionItems) = preProject
		LICENSE = LICENSE
		README.md = README.md
	EndProjectSection
EndProject
Project("{9A19103F-16F7-4668-BE54-9A1E7A4F7556}") = "EarthQuake", "src\EarthQuake\EarthQuake.csproj", "{EA71206D-899D-49CF-BC39-50BA61D96EF6}"
EndProject
Project("{9A19103F-16F7-4668-BE54-9A1E7A4F7556}") = "EarthQuake.Desktop", "src\EarthQuake.Desktop\EarthQuake.Desktop.csproj", "{16CDB355-848B-491E-9BFE-5C937F8580F4}"
EndProject
Project("{9A19103F-16F7-4668-BE54-9A1E7A4F7556}") = "EarthQuake.Map", "src\EarthQuake.Map\EarthQuake.Map.csproj", "{BB85CF5B-8AFB-4C4E-9154-93F429A4961F}"
EndProject
Project("{9A19103F-16F7-4668-BE54-9A1E7A4F7556}") = "EarthQuake.Core", "src\EarthQuake.Core\EarthQuake.Core.csproj", "{DCDAC228-2818-42A5-9F79-959C8CC5623C}"
EndProject
Project("{9A19103F-16F7-4668-BE54-9A1E7A4F7556}") = "P2PConsole", "test\P2PConsole\P2PConsole.csproj", "{7F37703B-31E3-4D6B-8018-58B52235E81E}"
EndProject
Project("{9A19103F-16F7-4668-BE54-9A1E7A4F7556}") = "EarthQuake.Android", "src\EarthQuake.Android\EarthQuake.Android.csproj", "{1E18EB32-3C2B-4754-982D-7116F6816097}"
EndProject
Project("{9A19103F-16F7-4668-BE54-9A1E7A4F7556}") = "EarthQuake.iOS", "src\EarthQuake.iOS\EarthQuake.iOS.csproj", "{1BFB1E88-577E-49AC-B539-073DB5DC98F2}"
EndProject
Project("{9A19103F-16F7-4668-BE54-9A1E7A4F7556}") = "MapDataGenerator", "src\MapDataGenerator\MapDataGenerator.csproj", "{A8C026CC-050B-4594-8929-3CC208408009}"
EndProject
Project("{9A19103F-16F7-4668-BE54-9A1E7A4F7556}") = "PerformanceTest", "test\PerformanceTest\PerformanceTest.csproj", "{47E28924-47B5-47AD-98EA-136B8335CA22}"
EndProject
Project("{FAE04EC0-301F-11D3-BF4B-00C04F79EFBC}") = "EarthQuake.Browser", "src\EarthQuake.Browser\EarthQuake.Browser.csproj", "{48EE7424-25B4-450C-955A-31D7DACCABB1}"
EndProject
Project("{FAE04EC0-301F-11D3-BF4B-00C04F79EFBC}") = "MapTest", "test\MapTest\MapTest.csproj", "{55B42566-B182-49CD-BC68-718A43EA3FFC}"
EndProject
Project("{FAE04EC0-301F-11D3-BF4B-00C04F79EFBC}") = "PMTiles.NET", "lib\PMTiles.NET\src\PMTiles.NET.csproj", "{0A6E82E7-E4B3-4E6A-BE92-626CB89599FE}"
EndProject
Project("{FAE04EC0-301F-11D3-BF4B-00C04F79EFBC}") = "VectorTiles.Mvt", "lib\VectorTiles\src\VectorTiles.Mvt\VectorTiles.Mvt.csproj", "{3ABC074D-FF6D-48CF-B0C9-9F4EE4A6D13A}"
EndProject
Project("{FAE04EC0-301F-11D3-BF4B-00C04F79EFBC}") = "VectorTiles.Styles", "lib\VectorTiles\src\VectorTiles.Styles\VectorTiles.Styles.csproj", "{6F811011-E900-4034-B97D-6FB6652F6049}"
EndProject
Project("{FAE04EC0-301F-11D3-BF4B-00C04F79EFBC}") = "VectorTiles", "lib\VectorTiles\src\VectorTiles\VectorTiles.csproj", "{4CCC9308-D030-47D8-98AE-86F209DAA6E5}"
EndProject
Project("{FAE04EC0-301F-11D3-BF4B-00C04F79EFBC}") = "EarthQuake.DesktopTest", "test\EarthQuake.DesktopTest\EarthQuake.DesktopTest.csproj", "{644DE9BA-0072-4727-BD95-C86395D1118F}"
EndProject
Global
	GlobalSection(SolutionConfigurationPlatforms) = preSolution
		Debug|Any CPU = Debug|Any CPU
		Release|Any CPU = Release|Any CPU
	EndGlobalSection
	GlobalSection(ProjectConfigurationPlatforms) = postSolution
		{EA71206D-899D-49CF-BC39-50BA61D96EF6}.Debug|Any CPU.ActiveCfg = Debug|Any CPU
		{EA71206D-899D-49CF-BC39-50BA61D96EF6}.Debug|Any CPU.Build.0 = Debug|Any CPU
		{EA71206D-899D-49CF-BC39-50BA61D96EF6}.Release|Any CPU.ActiveCfg = Release|Any CPU
		{EA71206D-899D-49CF-BC39-50BA61D96EF6}.Release|Any CPU.Build.0 = Release|Any CPU
		{16CDB355-848B-491E-9BFE-5C937F8580F4}.Debug|Any CPU.ActiveCfg = Debug|Any CPU
		{16CDB355-848B-491E-9BFE-5C937F8580F4}.Debug|Any CPU.Build.0 = Debug|Any CPU
		{16CDB355-848B-491E-9BFE-5C937F8580F4}.Release|Any CPU.ActiveCfg = Release|Any CPU
		{16CDB355-848B-491E-9BFE-5C937F8580F4}.Release|Any CPU.Build.0 = Release|Any CPU
		{BB85CF5B-8AFB-4C4E-9154-93F429A4961F}.Debug|Any CPU.ActiveCfg = Debug|Any CPU
		{BB85CF5B-8AFB-4C4E-9154-93F429A4961F}.Debug|Any CPU.Build.0 = Debug|Any CPU
		{BB85CF5B-8AFB-4C4E-9154-93F429A4961F}.Release|Any CPU.ActiveCfg = Release|Any CPU
		{BB85CF5B-8AFB-4C4E-9154-93F429A4961F}.Release|Any CPU.Build.0 = Release|Any CPU
		{DCDAC228-2818-42A5-9F79-959C8CC5623C}.Debug|Any CPU.ActiveCfg = Debug|Any CPU
		{DCDAC228-2818-42A5-9F79-959C8CC5623C}.Debug|Any CPU.Build.0 = Debug|Any CPU
		{DCDAC228-2818-42A5-9F79-959C8CC5623C}.Release|Any CPU.ActiveCfg = Release|Any CPU
		{DCDAC228-2818-42A5-9F79-959C8CC5623C}.Release|Any CPU.Build.0 = Release|Any CPU
		{7F37703B-31E3-4D6B-8018-58B52235E81E}.Debug|Any CPU.ActiveCfg = Debug|Any CPU
		{7F37703B-31E3-4D6B-8018-58B52235E81E}.Debug|Any CPU.Build.0 = Debug|Any CPU
		{7F37703B-31E3-4D6B-8018-58B52235E81E}.Release|Any CPU.ActiveCfg = Release|Any CPU
		{7F37703B-31E3-4D6B-8018-58B52235E81E}.Release|Any CPU.Build.0 = Release|Any CPU
		{1E18EB32-3C2B-4754-982D-7116F6816097}.Debug|Any CPU.ActiveCfg = Debug|Any CPU
		{1E18EB32-3C2B-4754-982D-7116F6816097}.Debug|Any CPU.Build.0 = Debug|Any CPU
		{1E18EB32-3C2B-4754-982D-7116F6816097}.Debug|Any CPU.Deploy.0 = Debug|Any CPU
		{1E18EB32-3C2B-4754-982D-7116F6816097}.Release|Any CPU.ActiveCfg = Release|Any CPU
		{1E18EB32-3C2B-4754-982D-7116F6816097}.Release|Any CPU.Build.0 = Release|Any CPU
		{1E18EB32-3C2B-4754-982D-7116F6816097}.Release|Any CPU.Deploy.0 = Release|Any CPU
		{1BFB1E88-577E-49AC-B539-073DB5DC98F2}.Debug|Any CPU.ActiveCfg = Debug|Any CPU
		{1BFB1E88-577E-49AC-B539-073DB5DC98F2}.Debug|Any CPU.Build.0 = Debug|Any CPU
		{1BFB1E88-577E-49AC-B539-073DB5DC98F2}.Debug|Any CPU.Deploy.0 = Debug|Any CPU
		{1BFB1E88-577E-49AC-B539-073DB5DC98F2}.Release|Any CPU.ActiveCfg = Release|Any CPU
		{1BFB1E88-577E-49AC-B539-073DB5DC98F2}.Release|Any CPU.Build.0 = Release|Any CPU
		{1BFB1E88-577E-49AC-B539-073DB5DC98F2}.Release|Any CPU.Deploy.0 = Release|Any CPU
		{A8C026CC-050B-4594-8929-3CC208408009}.Debug|Any CPU.ActiveCfg = Debug|Any CPU
		{A8C026CC-050B-4594-8929-3CC208408009}.Debug|Any CPU.Build.0 = Debug|Any CPU
		{A8C026CC-050B-4594-8929-3CC208408009}.Release|Any CPU.ActiveCfg = Release|Any CPU
		{A8C026CC-050B-4594-8929-3CC208408009}.Release|Any CPU.Build.0 = Release|Any CPU
		{47E28924-47B5-47AD-98EA-136B8335CA22}.Debug|Any CPU.ActiveCfg = Debug|Any CPU
		{47E28924-47B5-47AD-98EA-136B8335CA22}.Debug|Any CPU.Build.0 = Debug|Any CPU
		{47E28924-47B5-47AD-98EA-136B8335CA22}.Release|Any CPU.ActiveCfg = Release|Any CPU
		{47E28924-47B5-47AD-98EA-136B8335CA22}.Release|Any CPU.Build.0 = Release|Any CPU
		{55B42566-B182-49CD-BC68-718A43EA3FFC}.Debug|Any CPU.ActiveCfg = Debug|Any CPU
		{55B42566-B182-49CD-BC68-718A43EA3FFC}.Debug|Any CPU.Build.0 = Debug|Any CPU
		{55B42566-B182-49CD-BC68-718A43EA3FFC}.Release|Any CPU.ActiveCfg = Release|Any CPU
		{55B42566-B182-49CD-BC68-718A43EA3FFC}.Release|Any CPU.Build.0 = Release|Any CPU
		{48EE7424-25B4-450C-955A-31D7DACCABB1}.Debug|Any CPU.ActiveCfg = Debug|Any CPU
		{48EE7424-25B4-450C-955A-31D7DACCABB1}.Debug|Any CPU.Build.0 = Debug|Any CPU
		{48EE7424-25B4-450C-955A-31D7DACCABB1}.Release|Any CPU.ActiveCfg = Release|Any CPU
		{48EE7424-25B4-450C-955A-31D7DACCABB1}.Release|Any CPU.Build.0 = Release|Any CPU
		{C9F802FB-91D0-4203-9C54-99CDA3707D73}.Debug|Any CPU.ActiveCfg = Debug|Any CPU
		{C9F802FB-91D0-4203-9C54-99CDA3707D73}.Debug|Any CPU.Build.0 = Debug|Any CPU
		{C9F802FB-91D0-4203-9C54-99CDA3707D73}.Release|Any CPU.ActiveCfg = Release|Any CPU
		{C9F802FB-91D0-4203-9C54-99CDA3707D73}.Release|Any CPU.Build.0 = Release|Any CPU
		{DAB2F2D3-7A1A-4ACD-873F-54BCE5865744}.Debug|Any CPU.ActiveCfg = Debug|Any CPU
		{DAB2F2D3-7A1A-4ACD-873F-54BCE5865744}.Debug|Any CPU.Build.0 = Debug|Any CPU
		{DAB2F2D3-7A1A-4ACD-873F-54BCE5865744}.Release|Any CPU.ActiveCfg = Release|Any CPU
		{DAB2F2D3-7A1A-4ACD-873F-54BCE5865744}.Release|Any CPU.Build.0 = Release|Any CPU
		{94470710-C57C-4025-BA29-9F6853A018A8}.Debug|Any CPU.ActiveCfg = Debug|Any CPU
		{94470710-C57C-4025-BA29-9F6853A018A8}.Debug|Any CPU.Build.0 = Debug|Any CPU
		{94470710-C57C-4025-BA29-9F6853A018A8}.Release|Any CPU.ActiveCfg = Release|Any CPU
		{94470710-C57C-4025-BA29-9F6853A018A8}.Release|Any CPU.Build.0 = Release|Any CPU
		{31395CA1-F24A-4F44-BE5E-7172E9AB0803}.Debug|Any CPU.ActiveCfg = Debug|Any CPU
		{31395CA1-F24A-4F44-BE5E-7172E9AB0803}.Debug|Any CPU.Build.0 = Debug|Any CPU
		{31395CA1-F24A-4F44-BE5E-7172E9AB0803}.Release|Any CPU.ActiveCfg = Release|Any CPU
		{31395CA1-F24A-4F44-BE5E-7172E9AB0803}.Release|Any CPU.Build.0 = Release|Any CPU
		{DC8D7E16-3080-4432-B9D6-5AE89B55DC91}.Debug|Any CPU.ActiveCfg = Debug|Any CPU
		{DC8D7E16-3080-4432-B9D6-5AE89B55DC91}.Debug|Any CPU.Build.0 = Debug|Any CPU
		{DC8D7E16-3080-4432-B9D6-5AE89B55DC91}.Release|Any CPU.ActiveCfg = Release|Any CPU
		{DC8D7E16-3080-4432-B9D6-5AE89B55DC91}.Release|Any CPU.Build.0 = Release|Any CPU
		{14D23CD9-5E76-4AB1-9AC5-D70FDDD62F39}.Debug|Any CPU.ActiveCfg = Debug|Any CPU
		{14D23CD9-5E76-4AB1-9AC5-D70FDDD62F39}.Debug|Any CPU.Build.0 = Debug|Any CPU
		{14D23CD9-5E76-4AB1-9AC5-D70FDDD62F39}.Release|Any CPU.ActiveCfg = Release|Any CPU
		{14D23CD9-5E76-4AB1-9AC5-D70FDDD62F39}.Release|Any CPU.Build.0 = Release|Any CPU
		{549FFBA5-BF1C-458E-B5F6-F57A2567EC31}.Debug|Any CPU.ActiveCfg = Debug|Any CPU
		{549FFBA5-BF1C-458E-B5F6-F57A2567EC31}.Debug|Any CPU.Build.0 = Debug|Any CPU
		{549FFBA5-BF1C-458E-B5F6-F57A2567EC31}.Release|Any CPU.ActiveCfg = Release|Any CPU
		{549FFBA5-BF1C-458E-B5F6-F57A2567EC31}.Release|Any CPU.Build.0 = Release|Any CPU
		{D06E7D46-C764-4CFB-AA03-3E7297BB013C}.Debug|Any CPU.ActiveCfg = Debug|Any CPU
		{D06E7D46-C764-4CFB-AA03-3E7297BB013C}.Debug|Any CPU.Build.0 = Debug|Any CPU
		{D06E7D46-C764-4CFB-AA03-3E7297BB013C}.Release|Any CPU.ActiveCfg = Release|Any CPU
		{D06E7D46-C764-4CFB-AA03-3E7297BB013C}.Release|Any CPU.Build.0 = Release|Any CPU
		{0A6E82E7-E4B3-4E6A-BE92-626CB89599FE}.Debug|Any CPU.ActiveCfg = Debug|Any CPU
		{0A6E82E7-E4B3-4E6A-BE92-626CB89599FE}.Debug|Any CPU.Build.0 = Debug|Any CPU
		{0A6E82E7-E4B3-4E6A-BE92-626CB89599FE}.Release|Any CPU.ActiveCfg = Release|Any CPU
		{0A6E82E7-E4B3-4E6A-BE92-626CB89599FE}.Release|Any CPU.Build.0 = Release|Any CPU
		{3ABC074D-FF6D-48CF-B0C9-9F4EE4A6D13A}.Debug|Any CPU.ActiveCfg = Debug|Any CPU
		{3ABC074D-FF6D-48CF-B0C9-9F4EE4A6D13A}.Debug|Any CPU.Build.0 = Debug|Any CPU
		{3ABC074D-FF6D-48CF-B0C9-9F4EE4A6D13A}.Release|Any CPU.ActiveCfg = Release|Any CPU
		{3ABC074D-FF6D-48CF-B0C9-9F4EE4A6D13A}.Release|Any CPU.Build.0 = Release|Any CPU
		{6F811011-E900-4034-B97D-6FB6652F6049}.Debug|Any CPU.ActiveCfg = Debug|Any CPU
		{6F811011-E900-4034-B97D-6FB6652F6049}.Debug|Any CPU.Build.0 = Debug|Any CPU
		{6F811011-E900-4034-B97D-6FB6652F6049}.Release|Any CPU.ActiveCfg = Release|Any CPU
		{6F811011-E900-4034-B97D-6FB6652F6049}.Release|Any CPU.Build.0 = Release|Any CPU
		{4CCC9308-D030-47D8-98AE-86F209DAA6E5}.Debug|Any CPU.ActiveCfg = Debug|Any CPU
		{4CCC9308-D030-47D8-98AE-86F209DAA6E5}.Debug|Any CPU.Build.0 = Debug|Any CPU
		{4CCC9308-D030-47D8-98AE-86F209DAA6E5}.Release|Any CPU.ActiveCfg = Release|Any CPU
		{4CCC9308-D030-47D8-98AE-86F209DAA6E5}.Release|Any CPU.Build.0 = Release|Any CPU
		{644DE9BA-0072-4727-BD95-C86395D1118F}.Debug|Any CPU.ActiveCfg = Debug|Any CPU
		{644DE9BA-0072-4727-BD95-C86395D1118F}.Debug|Any CPU.Build.0 = Debug|Any CPU
		{644DE9BA-0072-4727-BD95-C86395D1118F}.Release|Any CPU.ActiveCfg = Release|Any CPU
		{644DE9BA-0072-4727-BD95-C86395D1118F}.Release|Any CPU.Build.0 = Release|Any CPU
	EndGlobalSection
	GlobalSection(SolutionProperties) = preSolution
		HideSolutionNode = FALSE
	EndGlobalSection
	GlobalSection(ExtensibilityGlobals) = postSolution
		SolutionGuid = {2918D28D-D62A-4004-85B3-B4C6FF68B6D0}
	EndGlobalSection
	GlobalSection(NestedProjects) = preSolution
	EndGlobalSection
EndGlobal
